
Microsoft Visual Studio Solution File, Format Version 11.00
# Visual Studio 2010
Project("{FAE04EC0-301F-11D3-BF4B-00C04F79EFBC}") = "FYDP-Unity", "Assembly-CSharp-firstpass.csproj", "{4720C1E9-877D-56AB-6402-20238F4C1740}"
EndProject
Project("{FAE04EC0-301F-11D3-BF4B-00C04F79EFBC}") = "FYDP-Unity", "Assembly-CSharp.csproj", "{4EA75FB9-0E33-433D-CA46-29E135668A7B}"
EndProject
Project("{FAE04EC0-301F-11D3-BF4B-00C04F79EFBC}") = "FYDP-Unity", "Assembly-CSharp-Editor-firstpass.csproj", "{D178B090-D94D-F5F9-615F-5CF5F7D49368}"
EndProject
Global
	GlobalSection(SolutionConfigurationPlatforms) = preSolution
		Debug|Any CPU = Debug|Any CPU
		Release|Any CPU = Release|Any CPU
	EndGlobalSection
	GlobalSection(ProjectConfigurationPlatforms) = postSolution
		{4720C1E9-877D-56AB-6402-20238F4C1740}.Debug|Any CPU.ActiveCfg = Debug|Any CPU
		{4720C1E9-877D-56AB-6402-20238F4C1740}.Debug|Any CPU.Build.0 = Debug|Any CPU
		{4720C1E9-877D-56AB-6402-20238F4C1740}.Release|Any CPU.ActiveCfg = Release|Any CPU
		{4720C1E9-877D-56AB-6402-20238F4C1740}.Release|Any CPU.Build.0 = Release|Any CPU
		{4EA75FB9-0E33-433D-CA46-29E135668A7B}.Debug|Any CPU.ActiveCfg = Debug|Any CPU
		{4EA75FB9-0E33-433D-CA46-29E135668A7B}.Debug|Any CPU.Build.0 = Debug|Any CPU
		{4EA75FB9-0E33-433D-CA46-29E135668A7B}.Release|Any CPU.ActiveCfg = Release|Any CPU
		{4EA75FB9-0E33-433D-CA46-29E135668A7B}.Release|Any CPU.Build.0 = Release|Any CPU
		{D178B090-D94D-F5F9-615F-5CF5F7D49368}.Debug|Any CPU.ActiveCfg = Debug|Any CPU
		{D178B090-D94D-F5F9-615F-5CF5F7D49368}.Debug|Any CPU.Build.0 = Debug|Any CPU
		{D178B090-D94D-F5F9-615F-5CF5F7D49368}.Release|Any CPU.ActiveCfg = Release|Any CPU
		{D178B090-D94D-F5F9-615F-5CF5F7D49368}.Release|Any CPU.Build.0 = Release|Any CPU
	EndGlobalSection
	GlobalSection(SolutionProperties) = preSolution
		HideSolutionNode = FALSE
	EndGlobalSection
	GlobalSection(MonoDevelopProperties) = preSolution
		StartupItem = Assembly-CSharp.csproj
	EndGlobalSection
EndGlobal
